
Microsoft Visual Studio Solution File, Format Version 12.00
# Visual Studio 15
VisualStudioVersion = 15.0.27004.2006
MinimumVisualStudioVersion = 10.0.40219.1
Project("{2150E333-8FDC-42A3-9474-1A3956D46DE8}") = "Solution Items", "Solution Items", "{C5189C5C-637A-4240-B3A9-2A2BC5EA62F6}"
	ProjectSection(SolutionItems) = preProject
		Solution Items\SolutionInfo.cs = Solution Items\SolutionInfo.cs
		Solution Items\VersionInfo.cs = Solution Items\VersionInfo.cs
	EndProjectSection
EndProject
Project("{9A19103F-16F7-4668-BE54-9A1E7A4F7556}") = "Server", "Server\Server.csproj", "{F284F2CC-60A4-4961-AEFA-DACF14616C4F}"
EndProject
Project("{9A19103F-16F7-4668-BE54-9A1E7A4F7556}") = "Client", "Client\Client.csproj", "{76C83698-F714-449D-A58F-9F2DF667DA3D}"
EndProject
Project("{9A19103F-16F7-4668-BE54-9A1E7A4F7556}") = "_build", "..\build\_build.csproj", "{A2CD54B5-C0B4-47DA-A3F0-2846CD428237}"
EndProject
Global
	GlobalSection(SolutionConfigurationPlatforms) = preSolution
		Debug|Any CPU = Debug|Any CPU
		Release|Any CPU = Release|Any CPU
	EndGlobalSection
	GlobalSection(ProjectConfigurationPlatforms) = postSolution
		{A2CD54B5-C0B4-47DA-A3F0-2846CD428237}.Debug|Any CPU.ActiveCfg = Debug|Any CPU
		{A2CD54B5-C0B4-47DA-A3F0-2846CD428237}.Release|Any CPU.ActiveCfg = Release|Any CPU
		{F284F2CC-60A4-4961-AEFA-DACF14616C4F}.Debug|Any CPU.ActiveCfg = Debug|Any CPU
		{F284F2CC-60A4-4961-AEFA-DACF14616C4F}.Debug|Any CPU.Build.0 = Debug|Any CPU
		{F284F2CC-60A4-4961-AEFA-DACF14616C4F}.Release|Any CPU.ActiveCfg = Release|Any CPU
		{F284F2CC-60A4-4961-AEFA-DACF14616C4F}.Release|Any CPU.Build.0 = Release|Any CPU
		{76C83698-F714-449D-A58F-9F2DF667DA3D}.Debug|Any CPU.ActiveCfg = Debug|Any CPU
		{76C83698-F714-449D-A58F-9F2DF667DA3D}.Debug|Any CPU.Build.0 = Debug|Any CPU
		{76C83698-F714-449D-A58F-9F2DF667DA3D}.Release|Any CPU.ActiveCfg = Release|Any CPU
		{76C83698-F714-449D-A58F-9F2DF667DA3D}.Release|Any CPU.Build.0 = Release|Any CPU
	EndGlobalSection
	GlobalSection(SolutionProperties) = preSolution
		HideSolutionNode = FALSE
	EndGlobalSection
	GlobalSection(ExtensibilityGlobals) = postSolution
		SolutionGuid = {776BF2D0-FDE8-417F-AEED-855314118CE4}
	EndGlobalSection
EndGlobal
